{
  "name": "Kpler",
  "version": "1.0.0",
  "lockfileVersion": 1,
  "requires": true,
  "dependencies": {
    "@uirouter/angularjs": {
      "version": "1.0.15",
      "resolved": "https://registry.npmjs.org/@uirouter/angularjs/-/angularjs-1.0.15.tgz",
      "integrity": "sha512-qV+fz+OV5WRNNCXfeVO7nEcSSNESXOxLC0lXM9sv+IwTW6gyiynZ2wHP7fP2ETbr20sPxtbFC+kMVLzyiw/yIg==",
      "requires": {
        "@uirouter/core": "5.0.17"
      },
      "dependencies": {
        "@uirouter/core": {
          "version": "5.0.17",
          "resolved": "https://registry.npmjs.org/@uirouter/core/-/core-5.0.17.tgz",
          "integrity": "sha512-aJOSpaRbctGw24Mh74sonLwCyskl7KzFz7M0jRDqrd+eHZK6s/xxi4ZSNuGHRy6kF4x7195buQSJEo7u82t+rA=="
        }
      }
    },
    "angular": {
      "version": "1.6.9",
      "resolved": "https://registry.npmjs.org/angular/-/angular-1.6.9.tgz",
      "integrity": "sha512-6igWH2GIsxV+J38wNWCh8oyjaZsrIPIDO35twloIUyjlF2Yit6UyLAWujHP05ma/LFxTsx4NtYibRoMNBXPR1A=="
    },
    "ngmap": {
      "version": "1.18.4",
      "resolved": "https://registry.npmjs.org/ngmap/-/ngmap-1.18.4.tgz",
      "integrity": "sha1-jzbY6EDaaCnOXUDl10e3DEo6yDM="
    },
    "yarn": {
      "version": "1.5.1",
      "resolved": "https://registry.npmjs.org/yarn/-/yarn-1.5.1.tgz",
      "integrity": "sha1-6GgDYOgyrIlSHrgNrTp7wnpAurQ="
    }
  }
}
